// !$*UTF8*$!
{
	archiveVersion = 1;
	classes = {
	};
	objectVersion = 50;
	objects = {

/* Begin PBXBuildFile section */
		AF84F3FB212432C900BE9DA7 /* AppDelegate.m in Sources */ = {isa = PBXBuildFile; fileRef = AF84F3FA212432C900BE9DA7 /* AppDelegate.m */; };
		AF84F3FE212432C900BE9DA7 /* ViewController.m in Sources */ = {isa = PBXBuildFile; fileRef = AF84F3FD212432C900BE9DA7 /* ViewController.m */; };
		AF84F401212432C900BE9DA7 /* Main.storyboard in Resources */ = {isa = PBXBuildFile; fileRef = AF84F3FF212432C900BE9DA7 /* Main.storyboard */; };
		AF84F403212432CC00BE9DA7 /* Assets.xcassets in Resources */ = {isa = PBXBuildFile; fileRef = AF84F402212432CC00BE9DA7 /* Assets.xcassets */; };
		AF84F406212432CC00BE9DA7 /* LaunchScreen.storyboard in Resources */ = {isa = PBXBuildFile; fileRef = AF84F404212432CC00BE9DA7 /* LaunchScreen.storyboard */; };
		AF84F409212432CC00BE9DA7 /* main.m in Sources */ = {isa = PBXBuildFile; fileRef = AF84F408212432CC00BE9DA7 /* main.m */; };
		AF84F413212432CC00BE9DA7 /* WXUncaughtExceptionHandlerTests.m in Sources */ = {isa = PBXBuildFile; fileRef = AF84F412212432CC00BE9DA7 /* WXUncaughtExceptionHandlerTests.m */; };
		AF84F41E212432CC00BE9DA7 /* WXUncaughtExceptionHandlerUITests.m in Sources */ = {isa = PBXBuildFile; fileRef = AF84F41D212432CC00BE9DA7 /* WXUncaughtExceptionHandlerUITests.m */; };
		AF84F42E2124330700BE9DA7 /* WXUncaughtExceptionHandler.m in Sources */ = {isa = PBXBuildFile; fileRef = AF84F42D2124330700BE9DA7 /* WXUncaughtExceptionHandler.m */; };
/* End PBXBuildFile section */

/* Begin PBXContainerItemProxy section */
		AF84F40F212432CC00BE9DA7 /* PBXContainerItemProxy */ = {
			isa = PBXContainerItemProxy;
			containerPortal = AF84F3EE212432C900BE9DA7 /* Project object */;
			proxyType = 1;
			remoteGlobalIDString = AF84F3F5212432C900BE9DA7;
			remoteInfo = WXUncaughtExceptionHandler;
		};
		AF84F41A212432CC00BE9DA7 /* PBXContainerItemProxy */ = {
			isa = PBXContainerItemProxy;
			containerPortal = AF84F3EE212432C900BE9DA7 /* Project object */;
			proxyType = 1;
			remoteGlobalIDString = AF84F3F5212432C900BE9DA7;
			remoteInfo = WXUncaughtExceptionHandler;
		};
/* End PBXContainerItemProxy section */

/* Begin PBXFileReference section */
		AF84F3F6212432C900BE9DA7 /* WXUncaughtExceptionHandler.app */ = {isa = PBXFileReference; explicitFileType = wrapper.application; includeInIndex = 0; path = WXUncaughtExceptionHandler.app; sourceTree = BUILT_PRODUCTS_DIR; };
		AF84F3F9212432C900BE9DA7 /* AppDelegate.h */ = {isa = PBXFileReference; lastKnownFileType = sourcecode.c.h; path = AppDelegate.h; sourceTree = "<group>"; };
		AF84F3FA212432C900BE9DA7 /* AppDelegate.m */ = {isa = PBXFileReference; lastKnownFileType = sourcecode.c.objc; path = AppDelegate.m; sourceTree = "<group>"; };
		AF84F3FC212432C900BE9DA7 /* ViewController.h */ = {isa = PBXFileReference; lastKnownFileType = sourcecode.c.h; path = ViewController.h; sourceTree = "<group>"; };
		AF84F3FD212432C900BE9DA7 /* ViewController.m */ = {isa = PBXFileReference; lastKnownFileType = sourcecode.c.objc; path = ViewController.m; sourceTree = "<group>"; };
		AF84F400212432C900BE9DA7 /* Base */ = {isa = PBXFileReference; lastKnownFileType = file.storyboard; name = Base; path = Base.lproj/Main.storyboard; sourceTree = "<group>"; };
		AF84F402212432CC00BE9DA7 /* Assets.xcassets */ = {isa = PBXFileReference; lastKnownFileType = folder.assetcatalog; path = Assets.xcassets; sourceTree = "<group>"; };
		AF84F405212432CC00BE9DA7 /* Base */ = {isa = PBXFileReference; lastKnownFileType = file.storyboard; name = Base; path = Base.lproj/LaunchScreen.storyboard; sourceTree = "<group>"; };
		AF84F407212432CC00BE9DA7 /* Info.plist */ = {isa = PBXFileReference; lastKnownFileType = text.plist.xml; path = Info.plist; sourceTree = "<group>"; };
		AF84F408212432CC00BE9DA7 /* main.m */ = {isa = PBXFileReference; lastKnownFileType = sourcecode.c.objc; path = main.m; sourceTree = "<group>"; };
		AF84F40E212432CC00BE9DA7 /* WXUncaughtExceptionHandlerTests.xctest */ = {isa = PBXFileReference; explicitFileType = wrapper.cfbundle; includeInIndex = 0; path = WXUncaughtExceptionHandlerTests.xctest; sourceTree = BUILT_PRODUCTS_DIR; };
		AF84F412212432CC00BE9DA7 /* WXUncaughtExceptionHandlerTests.m */ = {isa = PBXFileReference; lastKnownFileType = sourcecode.c.objc; path = WXUncaughtExceptionHandlerTests.m; sourceTree = "<group>"; };
		AF84F414212432CC00BE9DA7 /* Info.plist */ = {isa = PBXFileReference; lastKnownFileType = text.plist.xml; path = Info.plist; sourceTree = "<group>"; };
		AF84F419212432CC00BE9DA7 /* WXUncaughtExceptionHandlerUITests.xctest */ = {isa = PBXFileReference; explicitFileType = wrapper.cfbundle; includeInIndex = 0; path = WXUncaughtExceptionHandlerUITests.xctest; sourceTree = BUILT_PRODUCTS_DIR; };
		AF84F41D212432CC00BE9DA7 /* WXUncaughtExceptionHandlerUITests.m */ = {isa = PBXFileReference; lastKnownFileType = sourcecode.c.objc; path = WXUncaughtExceptionHandlerUITests.m; sourceTree = "<group>"; };
		AF84F41F212432CC00BE9DA7 /* Info.plist */ = {isa = PBXFileReference; lastKnownFileType = text.plist.xml; path = Info.plist; sourceTree = "<group>"; };
		AF84F42C2124330700BE9DA7 /* WXUncaughtExceptionHandler.h */ = {isa = PBXFileReference; lastKnownFileType = sourcecode.c.h; path = WXUncaughtExceptionHandler.h; sourceTree = "<group>"; };
		AF84F42D2124330700BE9DA7 /* WXUncaughtExceptionHandler.m */ = {isa = PBXFileReference; lastKnownFileType = sourcecode.c.objc; path = WXUncaughtExceptionHandler.m; sourceTree = "<group>"; };
/* End PBXFileReference section */

/* Begin PBXFrameworksBuildPhase section */
		AF84F3F3212432C900BE9DA7 /* Frameworks */ = {
			isa = PBXFrameworksBuildPhase;
			buildActionMask = 2147483647;
			files = (
			);
			runOnlyForDeploymentPostprocessing = 0;
		};
		AF84F40B212432CC00BE9DA7 /* Frameworks */ = {
			isa = PBXFrameworksBuildPhase;
			buildActionMask = 2147483647;
			files = (
			);
			runOnlyForDeploymentPostprocessing = 0;
		};
		AF84F416212432CC00BE9DA7 /* Frameworks */ = {
			isa = PBXFrameworksBuildPhase;
			buildActionMask = 2147483647;
			files = (
			);
			runOnlyForDeploymentPostprocessing = 0;
		};
/* End PBXFrameworksBuildPhase section */

/* Begin PBXGroup section */
		AF84F3ED212432C900BE9DA7 = {
			isa = PBXGroup;
			children = (
				AF84F3F8212432C900BE9DA7 /* WXUncaughtExceptionHandler */,
				AF84F411212432CC00BE9DA7 /* WXUncaughtExceptionHandlerTests */,
				AF84F41C212432CC00BE9DA7 /* WXUncaughtExceptionHandlerUITests */,
				AF84F3F7212432C900BE9DA7 /* Products */,
			);
			sourceTree = "<group>";
		};
		AF84F3F7212432C900BE9DA7 /* Products */ = {
			isa = PBXGroup;
			children = (
				AF84F3F6212432C900BE9DA7 /* WXUncaughtExceptionHandler.app */,
				AF84F40E212432CC00BE9DA7 /* WXUncaughtExceptionHandlerTests.xctest */,
				AF84F419212432CC00BE9DA7 /* WXUncaughtExceptionHandlerUITests.xctest */,
			);
			name = Products;
			sourceTree = "<group>";
		};
		AF84F3F8212432C900BE9DA7 /* WXUncaughtExceptionHandler */ = {
			isa = PBXGroup;
			children = (
				AF84F42B212432F500BE9DA7 /* WXUncaughtExceptionHandler */,
				AF84F3F9212432C900BE9DA7 /* AppDelegate.h */,
				AF84F3FA212432C900BE9DA7 /* AppDelegate.m */,
				AF84F3FC212432C900BE9DA7 /* ViewController.h */,
				AF84F3FD212432C900BE9DA7 /* ViewController.m */,
				AF84F3FF212432C900BE9DA7 /* Main.storyboard */,
				AF84F402212432CC00BE9DA7 /* Assets.xcassets */,
				AF84F404212432CC00BE9DA7 /* LaunchScreen.storyboard */,
				AF84F407212432CC00BE9DA7 /* Info.plist */,
				AF84F408212432CC00BE9DA7 /* main.m */,
			);
			path = WXUncaughtExceptionHandler;
			sourceTree = "<group>";
		};
		AF84F411212432CC00BE9DA7 /* WXUncaughtExceptionHandlerTests */ = {
			isa = PBXGroup;
			children = (
				AF84F412212432CC00BE9DA7 /* WXUncaughtExceptionHandlerTests.m */,
				AF84F414212432CC00BE9DA7 /* Info.plist */,
			);
			path = WXUncaughtExceptionHandlerTests;
			sourceTree = "<group>";
		};
		AF84F41C212432CC00BE9DA7 /* WXUncaughtExceptionHandlerUITests */ = {
			isa = PBXGroup;
			children = (
				AF84F41D212432CC00BE9DA7 /* WXUncaughtExceptionHandlerUITests.m */,
				AF84F41F212432CC00BE9DA7 /* Info.plist */,
			);
			path = WXUncaughtExceptionHandlerUITests;
			sourceTree = "<group>";
		};
		AF84F42B212432F500BE9DA7 /* WXUncaughtExceptionHandler */ = {
			isa = PBXGroup;
			children = (
				AF84F42C2124330700BE9DA7 /* WXUncaughtExceptionHandler.h */,
				AF84F42D2124330700BE9DA7 /* WXUncaughtExceptionHandler.m */,
			);
			path = WXUncaughtExceptionHandler;
			sourceTree = "<group>";
		};
/* End PBXGroup section */

/* Begin PBXNativeTarget section */
		AF84F3F5212432C900BE9DA7 /* WXUncaughtExceptionHandler */ = {
			isa = PBXNativeTarget;
			buildConfigurationList = AF84F422212432CC00BE9DA7 /* Build configuration list for PBXNativeTarget "WXUncaughtExceptionHandler" */;
			buildPhases = (
				AF84F3F2212432C900BE9DA7 /* Sources */,
				AF84F3F3212432C900BE9DA7 /* Frameworks */,
				AF84F3F4212432C900BE9DA7 /* Resources */,
			);
			buildRules = (
			);
			dependencies = (
			);
			name = WXUncaughtExceptionHandler;
			productName = WXUncaughtExceptionHandler;
			productReference = AF84F3F6212432C900BE9DA7 /* WXUncaughtExceptionHandler.app */;
			productType = "com.apple.product-type.application";
		};
		AF84F40D212432CC00BE9DA7 /* WXUncaughtExceptionHandlerTests */ = {
			isa = PBXNativeTarget;
			buildConfigurationList = AF84F425212432CC00BE9DA7 /* Build configuration list for PBXNativeTarget "WXUncaughtExceptionHandlerTests" */;
			buildPhases = (
				AF84F40A212432CC00BE9DA7 /* Sources */,
				AF84F40B212432CC00BE9DA7 /* Frameworks */,
				AF84F40C212432CC00BE9DA7 /* Resources */,
			);
			buildRules = (
			);
			dependencies = (
				AF84F410212432CC00BE9DA7 /* PBXTargetDependency */,
			);
			name = WXUncaughtExceptionHandlerTests;
			productName = WXUncaughtExceptionHandlerTests;
			productReference = AF84F40E212432CC00BE9DA7 /* WXUncaughtExceptionHandlerTests.xctest */;
			productType = "com.apple.product-type.bundle.unit-test";
		};
		AF84F418212432CC00BE9DA7 /* WXUncaughtExceptionHandlerUITests */ = {
			isa = PBXNativeTarget;
			buildConfigurationList = AF84F428212432CC00BE9DA7 /* Build configuration list for PBXNativeTarget "WXUncaughtExceptionHandlerUITests" */;
			buildPhases = (
				AF84F415212432CC00BE9DA7 /* Sources */,
				AF84F416212432CC00BE9DA7 /* Frameworks */,
				AF84F417212432CC00BE9DA7 /* Resources */,
			);
			buildRules = (
			);
			dependencies = (
				AF84F41B212432CC00BE9DA7 /* PBXTargetDependency */,
			);
			name = WXUncaughtExceptionHandlerUITests;
			productName = WXUncaughtExceptionHandlerUITests;
			productReference = AF84F419212432CC00BE9DA7 /* WXUncaughtExceptionHandlerUITests.xctest */;
			productType = "com.apple.product-type.bundle.ui-testing";
		};
/* End PBXNativeTarget section */

/* Begin PBXProject section */
		AF84F3EE212432C900BE9DA7 /* Project object */ = {
			isa = PBXProject;
			attributes = {
				LastUpgradeCheck = 0940;
				ORGANIZATIONNAME = wangxinxu;
				TargetAttributes = {
					AF84F3F5212432C900BE9DA7 = {
						CreatedOnToolsVersion = 9.4.1;
					};
					AF84F40D212432CC00BE9DA7 = {
						CreatedOnToolsVersion = 9.4.1;
						TestTargetID = AF84F3F5212432C900BE9DA7;
					};
					AF84F418212432CC00BE9DA7 = {
						CreatedOnToolsVersion = 9.4.1;
						TestTargetID = AF84F3F5212432C900BE9DA7;
					};
				};
			};
			buildConfigurationList = AF84F3F1212432C900BE9DA7 /* Build configuration list for PBXProject "WXUncaughtExceptionHandler" */;
			compatibilityVersion = "Xcode 9.3";
			developmentRegion = en;
			hasScannedForEncodings = 0;
			knownRegions = (
				en,
				Base,
			);
			mainGroup = AF84F3ED212432C900BE9DA7;
			productRefGroup = AF84F3F7212432C900BE9DA7 /* Products */;
			projectDirPath = "";
			projectRoot = "";
			targets = (
				AF84F3F5212432C900BE9DA7 /* WXUncaughtExceptionHandler */,
				AF84F40D212432CC00BE9DA7 /* WXUncaughtExceptionHandlerTests */,
				AF84F418212432CC00BE9DA7 /* WXUncaughtExceptionHandlerUITests */,
			);
		};
/* End PBXProject section */

/* Begin PBXResourcesBuildPhase section */
		AF84F3F4212432C900BE9DA7 /* Resources */ = {
			isa = PBXResourcesBuildPhase;
			buildActionMask = 2147483647;
			files = (
				AF84F406212432CC00BE9DA7 /* LaunchScreen.storyboard in Resources */,
				AF84F403212432CC00BE9DA7 /* Assets.xcassets in Resources */,
				AF84F401212432C900BE9DA7 /* Main.storyboard in Resources */,
			);
			runOnlyForDeploymentPostprocessing = 0;
		};
		AF84F40C212432CC00BE9DA7 /* Resources */ = {
			isa = PBXResourcesBuildPhase;
			buildActionMask = 2147483647;
			files = (
			);
			runOnlyForDeploymentPostprocessing = 0;
		};
		AF84F417212432CC00BE9DA7 /* Resources */ = {
			isa = PBXResourcesBuildPhase;
			buildActionMask = 2147483647;
			files = (
			);
			runOnlyForDeploymentPostprocessing = 0;
		};
/* End PBXResourcesBuildPhase section */

/* Begin PBXSourcesBuildPhase section */
		AF84F3F2212432C900BE9DA7 /* Sources */ = {
			isa = PBXSourcesBuildPhase;
			buildActionMask = 2147483647;
			files = (
				AF84F3FE212432C900BE9DA7 /* ViewController.m in Sources */,
				AF84F409212432CC00BE9DA7 /* main.m in Sources */,
				AF84F42E2124330700BE9DA7 /* WXUncaughtExceptionHandler.m in Sources */,
				AF84F3FB212432C900BE9DA7 /* AppDelegate.m in Sources */,
			);
			runOnlyForDeploymentPostprocessing = 0;
		};
		AF84F40A212432CC00BE9DA7 /* Sources */ = {
			isa = PBXSourcesBuildPhase;
			buildActionMask = 2147483647;
			files = (
				AF84F413212432CC00BE9DA7 /* WXUncaughtExceptionHandlerTests.m in Sources */,
			);
			runOnlyForDeploymentPostprocessing = 0;
		};
		AF84F415212432CC00BE9DA7 /* Sources */ = {
			isa = PBXSourcesBuildPhase;
			buildActionMask = 2147483647;
			files = (
				AF84F41E212432CC00BE9DA7 /* WXUncaughtExceptionHandlerUITests.m in Sources */,
			);
			runOnlyForDeploymentPostprocessing = 0;
		};
/* End PBXSourcesBuildPhase section */

/* Begin PBXTargetDependency section */
		AF84F410212432CC00BE9DA7 /* PBXTargetDependency */ = {
			isa = PBXTargetDependency;
			target = AF84F3F5212432C900BE9DA7 /* WXUncaughtExceptionHandler */;
			targetProxy = AF84F40F212432CC00BE9DA7 /* PBXContainerItemProxy */;
		};
		AF84F41B212432CC00BE9DA7 /* PBXTargetDependency */ = {
			isa = PBXTargetDependency;
			target = AF84F3F5212432C900BE9DA7 /* WXUncaughtExceptionHandler */;
			targetProxy = AF84F41A212432CC00BE9DA7 /* PBXContainerItemProxy */;
		};
/* End PBXTargetDependency section */

/* Begin PBXVariantGroup section */
		AF84F3FF212432C900BE9DA7 /* Main.storyboard */ = {
			isa = PBXVariantGroup;
			children = (
				AF84F400212432C900BE9DA7 /* Base */,
			);
			name = Main.storyboard;
			sourceTree = "<group>";
		};
		AF84F404212432CC00BE9DA7 /* LaunchScreen.storyboard */ = {
			isa = PBXVariantGroup;
			children = (
				AF84F405212432CC00BE9DA7 /* Base */,
			);
			name = LaunchScreen.storyboard;
			sourceTree = "<group>";
		};
/* End PBXVariantGroup section */

/* Begin XCBuildConfiguration section */
		AF84F420212432CC00BE9DA7 /* Debug */ = {
			isa = XCBuildConfiguration;
			buildSettings = {
				ALWAYS_SEARCH_USER_PATHS = NO;
				CLANG_ANALYZER_NONNULL = YES;
				CLANG_ANALYZER_NUMBER_OBJECT_CONVERSION = YES_AGGRESSIVE;
				CLANG_CXX_LANGUAGE_STANDARD = "gnu++14";
				CLANG_CXX_LIBRARY = "libc++";
				CLANG_ENABLE_MODULES = YES;
				CLANG_ENABLE_OBJC_ARC = YES;
				CLANG_ENABLE_OBJC_WEAK = YES;
				CLANG_WARN_BLOCK_CAPTURE_AUTORELEASING = YES;
				CLANG_WARN_BOOL_CONVERSION = YES;
				CLANG_WARN_COMMA = YES;
				CLANG_WARN_CONSTANT_CONVERSION = YES;
				CLANG_WARN_DEPRECATED_OBJC_IMPLEMENTATIONS = YES;
				CLANG_WARN_DIRECT_OBJC_ISA_USAGE = YES_ERROR;
				CLANG_WARN_DOCUMENTATION_COMMENTS = YES;
				CLANG_WARN_EMPTY_BODY = YES;
				CLANG_WARN_ENUM_CONVERSION = YES;
				CLANG_WARN_INFINITE_RECURSION = YES;
				CLANG_WARN_INT_CONVERSION = YES;
				CLANG_WARN_NON_LITERAL_NULL_CONVERSION = YES;
				CLANG_WARN_OBJC_IMPLICIT_RETAIN_SELF = YES;
				CLANG_WARN_OBJC_LITERAL_CONVERSION = YES;
				CLANG_WARN_OBJC_ROOT_CLASS = YES_ERROR;
				CLANG_WARN_RANGE_LOOP_ANALYSIS = YES;
				CLANG_WARN_STRICT_PROTOTYPES = YES;
				CLANG_WARN_SUSPICIOUS_MOVE = YES;
				CLANG_WARN_UNGUARDED_AVAILABILITY = YES_AGGRESSIVE;
				CLANG_WARN_UNREACHABLE_CODE = YES;
				CLANG_WARN__DUPLICATE_METHOD_MATCH = YES;
				CODE_SIGN_IDENTITY = "iPhone Developer";
				COPY_PHASE_STRIP = NO;
				DEBUG_INFORMATION_FORMAT = dwarf;
				ENABLE_STRICT_OBJC_MSGSEND = YES;
				ENABLE_TESTABILITY = YES;
				GCC_C_LANGUAGE_STANDARD = gnu11;
				GCC_DYNAMIC_NO_PIC = NO;
				GCC_NO_COMMON_BLOCKS = YES;
				GCC_OPTIMIZATION_LEVEL = 0;
				GCC_PREPROCESSOR_DEFINITIONS = (
					"DEBUG=1",
					"$(inherited)",
				);
				GCC_WARN_64_TO_32_BIT_CONVERSION = YES;
				GCC_WARN_ABOUT_RETURN_TYPE = YES_ERROR;
				GCC_WARN_UNDECLARED_SELECTOR = YES;
				GCC_WARN_UNINITIALIZED_AUTOS = YES_AGGRESSIVE;
				GCC_WARN_UNUSED_FUNCTION = YES;
				GCC_WARN_UNUSED_VARIABLE = YES;
				IPHONEOS_DEPLOYMENT_TARGET = 11.4;
				MTL_ENABLE_DEBUG_INFO = YES;
				ONLY_ACTIVE_ARCH = YES;
				SDKROOT = iphoneos;
			};
			name = Debug;
		};
		AF84F421212432CC00BE9DA7 /* Release */ = {
			isa = XCBuildConfiguration;
			buildSettings = {
				ALWAYS_SEARCH_USER_PATHS = NO;
				CLANG_ANALYZER_NONNULL = YES;
				CLANG_ANALYZER_NUMBER_OBJECT_CONVERSION = YES_AGGRESSIVE;
				CLANG_CXX_LANGUAGE_STANDARD = "gnu++14";
				CLANG_CXX_LIBRARY = "libc++";
				CLANG_ENABLE_MODULES = YES;
				CLANG_ENABLE_OBJC_ARC = YES;
				CLANG_ENABLE_OBJC_WEAK = YES;
				CLANG_WARN_BLOCK_CAPTURE_AUTORELEASING = YES;
				CLANG_WARN_BOOL_CONVERSION = YES;
				CLANG_WARN_COMMA = YES;
				CLANG_WARN_CONSTANT_CONVERSION = YES;
				CLANG_WARN_DEPRECATED_OBJC_IMPLEMENTATIONS = YES;
				CLANG_WARN_DIRECT_OBJC_ISA_USAGE = YES_ERROR;
				CLANG_WARN_DOCUMENTATION_COMMENTS = YES;
				CLANG_WARN_EMPTY_BODY = YES;
				CLANG_WARN_ENUM_CONVERSION = YES;
				CLANG_WARN_INFINITE_RECURSION = YES;
				CLANG_WARN_INT_CONVERSION = YES;
				CLANG_WARN_NON_LITERAL_NULL_CONVERSION = YES;
				CLANG_WARN_OBJC_IMPLICIT_RETAIN_SELF = YES;
				CLANG_WARN_OBJC_LITERAL_CONVERSION = YES;
				CLANG_WARN_OBJC_ROOT_CLASS = YES_ERROR;
				CLANG_WARN_RANGE_LOOP_ANALYSIS = YES;
				CLANG_WARN_STRICT_PROTOTYPES = YES;
				CLANG_WARN_SUSPICIOUS_MOVE = YES;
				CLANG_WARN_UNGUARDED_AVAILABILITY = YES_AGGRESSIVE;
				CLANG_WARN_UNREACHABLE_CODE = YES;
				CLANG_WARN__DUPLICATE_METHOD_MATCH = YES;
				CODE_SIGN_IDENTITY = "iPhone Developer";
				COPY_PHASE_STRIP = NO;
				DEBUG_INFORMATION_FORMAT = "dwarf-with-dsym";
				ENABLE_NS_ASSERTIONS = NO;
				ENABLE_STRICT_OBJC_MSGSEND = YES;
				GCC_C_LANGUAGE_STANDARD = gnu11;
				GCC_NO_COMMON_BLOCKS = YES;
				GCC_WARN_64_TO_32_BIT_CONVERSION = YES;
				GCC_WARN_ABOUT_RETURN_TYPE = YES_ERROR;
				GCC_WARN_UNDECLARED_SELECTOR = YES;
				GCC_WARN_UNINITIALIZED_AUTOS = YES_AGGRESSIVE;
				GCC_WARN_UNUSED_FUNCTION = YES;
				GCC_WARN_UNUSED_VARIABLE = YES;
				IPHONEOS_DEPLOYMENT_TARGET = 11.4;
				MTL_ENABLE_DEBUG_INFO = NO;
				SDKROOT = iphoneos;
				VALIDATE_PRODUCT = YES;
			};
			name = Release;
		};
		AF84F423212432CC00BE9DA7 /* Debug */ = {
			isa = XCBuildConfiguration;
			buildSettings = {
				ASSETCATALOG_COMPILER_APPICON_NAME = AppIcon;
				CODE_SIGN_STYLE = Automatic;
				INFOPLIST_FILE = WXUncaughtExceptionHandler/Info.plist;
				IPHONEOS_DEPLOYMENT_TARGET = 8.0;
				LD_RUNPATH_SEARCH_PATHS = (
					"$(inherited)",
					"@executable_path/Frameworks",
				);
				PRODUCT_BUNDLE_IDENTIFIER = "-.WXUncaughtExceptionHandler";
				PRODUCT_NAME = "$(TARGET_NAME)";
				TARGETED_DEVICE_FAMILY = "1,2";
			};
			name = Debug;
		};
		AF84F424212432CC00BE9DA7 /* Release */ = {
			isa = XCBuildConfiguration;
			buildSettings = {
				ASSETCATALOG_COMPILER_APPICON_NAME = AppIcon;
				CODE_SIGN_STYLE = Automatic;
				INFOPLIST_FILE = WXUncaughtExceptionHandler/Info.plist;
				IPHONEOS_DEPLOYMENT_TARGET = 8.0;
				LD_RUNPATH_SEARCH_PATHS = (
					"$(inherited)",
					"@executable_path/Frameworks",
				);
				PRODUCT_BUNDLE_IDENTIFIER = "-.WXUncaughtExceptionHandler";
				PRODUCT_NAME = "$(TARGET_NAME)";
				TARGETED_DEVICE_FAMILY = "1,2";
			};
			name = Release;
		};
		AF84F426212432CC00BE9DA7 /* Debug */ = {
			isa = XCBuildConfiguration;
			buildSettings = {
				BUNDLE_LOADER = "$(TEST_HOST)";
				CODE_SIGN_STYLE = Automatic;
				INFOPLIST_FILE = WXUncaughtExceptionHandlerTests/Info.plist;
				LD_RUNPATH_SEARCH_PATHS = (
					"$(inherited)",
					"@executable_path/Frameworks",
					"@loader_path/Frameworks",
				);
				PRODUCT_BUNDLE_IDENTIFIER = "-.WXUncaughtExceptionHandlerTests";
				PRODUCT_NAME = "$(TARGET_NAME)";
				TARGETED_DEVICE_FAMILY = "1,2";
				TEST_HOST = "$(BUILT_PRODUCTS_DIR)/WXUncaughtExceptionHandler.app/WXUncaughtExceptionHandler";
			};
			name = Debug;
		};
		AF84F427212432CC00BE9DA7 /* Release */ = {
			isa = XCBuildConfiguration;
			buildSettings = {
				BUNDLE_LOADER = "$(TEST_HOST)";
				CODE_SIGN_STYLE = Automatic;
				INFOPLIST_FILE = WXUncaughtExceptionHandlerTests/Info.plist;
				LD_RUNPATH_SEARCH_PATHS = (
					"$(inherited)",
					"@executable_path/Frameworks",
					"@loader_path/Frameworks",
				);
				PRODUCT_BUNDLE_IDENTIFIER = "-.WXUncaughtExceptionHandlerTests";
				PRODUCT_NAME = "$(TARGET_NAME)";
				TARGETED_DEVICE_FAMILY = "1,2";
				TEST_HOST = "$(BUILT_PRODUCTS_DIR)/WXUncaughtExceptionHandler.app/WXUncaughtExceptionHandler";
			};
			name = Release;
		};
		AF84F429212432CC00BE9DA7 /* Debug */ = {
			isa = XCBuildConfiguration;
			buildSettings = {
				CODE_SIGN_STYLE = Automatic;
				INFOPLIST_FILE = WXUncaughtExceptionHandlerUITests/Info.plist;
				LD_RUNPATH_SEARCH_PATHS = (
					"$(inherited)",
					"@executable_path/Frameworks",
					"@loader_path/Frameworks",
				);
				PRODUCT_BUNDLE_IDENTIFIER = "-.WXUncaughtExceptionHandlerUITests";
				PRODUCT_NAME = "$(TARGET_NAME)";
				TARGETED_DEVICE_FAMILY = "1,2";
				TEST_TARGET_NAME = WXUncaughtExceptionHandler;
			};
			name = Debug;
		};
		AF84F42A212432CC00BE9DA7 /* Release */ = {
			isa = XCBuildConfiguration;
			buildSettings = {
				CODE_SIGN_STYLE = Automatic;
				INFOPLIST_FILE = WXUncaughtExceptionHandlerUITests/Info.plist;
				LD_RUNPATH_SEARCH_PATHS = (
					"$(inherited)",
					"@executable_path/Frameworks",
					"@loader_path/Frameworks",
				);
				PRODUCT_BUNDLE_IDENTIFIER = "-.WXUncaughtExceptionHandlerUITests";
				PRODUCT_NAME = "$(TARGET_NAME)";
				TARGETED_DEVICE_FAMILY = "1,2";
				TEST_TARGET_NAME = WXUncaughtExceptionHandler;
			};
			name = Release;
		};
/* End XCBuildConfiguration section */

/* Begin XCConfigurationList section */
		AF84F3F1212432C900BE9DA7 /* Build configuration list for PBXProject "WXUncaughtExceptionHandler" */ = {
			isa = XCConfigurationList;
			buildConfigurations = (
				AF84F420212432CC00BE9DA7 /* Debug */,
				AF84F421212432CC00BE9DA7 /* Release */,
			);
			defaultConfigurationIsVisible = 0;
			defaultConfigurationName = Release;
		};
		AF84F422212432CC00BE9DA7 /* Build configuration list for PBXNativeTarget "WXUncaughtExceptionHandler" */ = {
			isa = XCConfigurationList;
			buildConfigurations = (
				AF84F423212432CC00BE9DA7 /* Debug */,
				AF84F424212432CC00BE9DA7 /* Release */,
			);
			defaultConfigurationIsVisible = 0;
			defaultConfigurationName = Release;
		};
		AF84F425212432CC00BE9DA7 /* Build configuration list for PBXNativeTarget "WXUncaughtExceptionHandlerTests" */ = {
			isa = XCConfigurationList;
			buildConfigurations = (
				AF84F426212432CC00BE9DA7 /* Debug */,
				AF84F427212432CC00BE9DA7 /* Release */,
			);
			defaultConfigurationIsVisible = 0;
			defaultConfigurationName = Release;
		};
		AF84F428212432CC00BE9DA7 /* Build configuration list for PBXNativeTarget "WXUncaughtExceptionHandlerUITests" */ = {
			isa = XCConfigurationList;
			buildConfigurations = (
				AF84F429212432CC00BE9DA7 /* Debug */,
				AF84F42A212432CC00BE9DA7 /* Release */,
			);
			defaultConfigurationIsVisible = 0;
			defaultConfigurationName = Release;
		};
/* End XCConfigurationList section */
	};
	rootObject = AF84F3EE212432C900BE9DA7 /* Project object */;
}
